
Microsoft Visual Studio Solution File, Format Version 12.00
# Visual Studio Version 16
VisualStudioVersion = 16.0.30011.22
MinimumVisualStudioVersion = 10.0.40219.1
Project("{8BC9CEB8-8B4A-11D0-8D11-00A0C91BC942}") = "Elevators", "Elevators\Elevators.vcxproj", "{4143D507-29AD-454E-BD0F-F31EB2311CE2}"
EndProject
Global
	GlobalSection(SolutionConfigurationPlatforms) = preSolution
		Debug|x64 = Debug|x64
		Debug|x86 = Debug|x86
		Release|x64 = Release|x64
		Release|x86 = Release|x86
	EndGlobalSection
	GlobalSection(ProjectConfigurationPlatforms) = postSolution
		{4143D507-29AD-454E-BD0F-F31EB2311CE2}.Debug|x64.ActiveCfg = Debug|x64
		{4143D507-29AD-454E-BD0F-F31EB2311CE2}.Debug|x64.Build.0 = Debug|x64
		{4143D507-29AD-454E-BD0F-F31EB2311CE2}.Debug|x86.ActiveCfg = Debug|Win32
		{4143D507-29AD-454E-BD0F-F31EB2311CE2}.Debug|x86.Build.0 = Debug|Win32
		{4143D507-29AD-454E-BD0F-F31EB2311CE2}.Release|x64.ActiveCfg = Release|x64
		{4143D507-29AD-454E-BD0F-F31EB2311CE2}.Release|x64.Build.0 = Release|x64
		{4143D507-29AD-454E-BD0F-F31EB2311CE2}.Release|x86.ActiveCfg = Release|Win32
		{4143D507-29AD-454E-BD0F-F31EB2311CE2}.Release|x86.Build.0 = Release|Win32
	EndGlobalSection
	GlobalSection(SolutionProperties) = preSolution
		HideSolutionNode = FALSE
	EndGlobalSection
	GlobalSection(ExtensibilityGlobals) = postSolution
		SolutionGuid = {F19A7230-54BA-4298-9D16-35825D11C03B}
	EndGlobalSection
EndGlobal
